
Microsoft Visual Studio Solution File, Format Version 12.00
# Visual Studio Version 17
VisualStudioVersion = 17.5.33502.453
MinimumVisualStudioVersion = 10.0.40219.1
Project("{FAE04EC0-301F-11D3-BF4B-00C04F79EFBC}") = "ManejodeCadenas-Aliaga", "ManejodeCadenas-Aliaga\ManejodeCadenas-Aliaga.csproj", "{5DF575E5-3301-4DC7-8CA7-4FB794DA9C92}"
EndProject
Global
	GlobalSection(SolutionConfigurationPlatforms) = preSolution
		Debug|Any CPU = Debug|Any CPU
		Release|Any CPU = Release|Any CPU
	EndGlobalSection
	GlobalSection(ProjectConfigurationPlatforms) = postSolution
		{5DF575E5-3301-4DC7-8CA7-4FB794DA9C92}.Debug|Any CPU.ActiveCfg = Debug|Any CPU
		{5DF575E5-3301-4DC7-8CA7-4FB794DA9C92}.Debug|Any CPU.Build.0 = Debug|Any CPU
		{5DF575E5-3301-4DC7-8CA7-4FB794DA9C92}.Release|Any CPU.ActiveCfg = Release|Any CPU
		{5DF575E5-3301-4DC7-8CA7-4FB794DA9C92}.Release|Any CPU.Build.0 = Release|Any CPU
	EndGlobalSection
	GlobalSection(SolutionProperties) = preSolution
		HideSolutionNode = FALSE
	EndGlobalSection
	GlobalSection(ExtensibilityGlobals) = postSolution
		SolutionGuid = {7AFB0B49-11A9-4F85-8BE2-8D4128AC32AD}
	EndGlobalSection
EndGlobal
